
Microsoft Visual Studio Solution File, Format Version 12.00
# Visual Studio Version 17
VisualStudioVersion = 17.5.33627.172
MinimumVisualStudioVersion = 10.0.40219.1
Project("{FAE04EC0-301F-11D3-BF4B-00C04F79EFBC}") = "TmpsProject", "TmpsProject\TmpsProject.csproj", "{ABE3A8E6-AEAE-4114-880F-4BB94D1DE011}"
EndProject
Global
	GlobalSection(SolutionConfigurationPlatforms) = preSolution
		Debug|Any CPU = Debug|Any CPU
		Release|Any CPU = Release|Any CPU
	EndGlobalSection
	GlobalSection(ProjectConfigurationPlatforms) = postSolution
		{ABE3A8E6-AEAE-4114-880F-4BB94D1DE011}.Debug|Any CPU.ActiveCfg = Debug|Any CPU
		{ABE3A8E6-AEAE-4114-880F-4BB94D1DE011}.Debug|Any CPU.Build.0 = Debug|Any CPU
		{ABE3A8E6-AEAE-4114-880F-4BB94D1DE011}.Release|Any CPU.ActiveCfg = Release|Any CPU
		{ABE3A8E6-AEAE-4114-880F-4BB94D1DE011}.Release|Any CPU.Build.0 = Release|Any CPU
	EndGlobalSection
	GlobalSection(SolutionProperties) = preSolution
		HideSolutionNode = FALSE
	EndGlobalSection
	GlobalSection(ExtensibilityGlobals) = postSolution
		SolutionGuid = {11E40D1D-6792-4C3A-912F-1C05628C636D}
	EndGlobalSection
EndGlobal
